<Solution>
  <Folder Name="/Solution Items/">
    <File Path=".env" />
    <File Path="docker-compose.yml" />
  </Folder>
  <Project Path="CheckoutSystem.Application/CheckoutSystem.Application.csproj" />
  <Project Path="CheckoutSystem.Domain/CheckoutSystem.Domain.csproj" />
  <Project Path="CheckoutSystem.Infrastructure/CheckoutSystem.Infrastructure.csproj" />
  <Project Path="CheckoutSystem.WebApi/CheckoutSystem.WebApi.csproj" />
</Solution>
